Microsoft Visual Studio Solution File, Format Version 11.00
# Visual Studio 2008

Project("{8258A2A3-7B87-6B06-2CFF-226995D5FEBB}") = "MedicalApp", "Assembly-CSharp.csproj", "{B061CC29-E881-77C4-7ECE-D53C8FDB308B}"
EndProject
Project("{8258A2A3-7B87-6B06-2CFF-226995D5FEBB}") = "MedicalApp", "Assembly-CSharp-Editor.csproj", "{AA1CE2DF-1A39-9986-3A22-73D4DBB5E67B}"
EndProject
Project("{8258A2A3-7B87-6B06-2CFF-226995D5FEBB}") = "MedicalApp", "Assembly-UnityScript.unityproj", "{D0407470-171F-572F-0543-F41EF5C363FC}"
EndProject
Global
	GlobalSection(SolutionConfigurationPlatforms) = preSolution
		Debug|Any CPU = Debug|Any CPU
		Release|Any CPU = Release|Any CPU
	EndGlobalSection
	GlobalSection(ProjectConfigurationPlatforms) = postSolution
		{B061CC29-E881-77C4-7ECE-D53C8FDB308B}.Debug|Any CPU.ActiveCfg = Debug|Any CPU
		{B061CC29-E881-77C4-7ECE-D53C8FDB308B}.Debug|Any CPU.Build.0 = Debug|Any CPU
		{B061CC29-E881-77C4-7ECE-D53C8FDB308B}.Release|Any CPU.ActiveCfg = Release|Any CPU
		{B061CC29-E881-77C4-7ECE-D53C8FDB308B}.Release|Any CPU.Build.0 = Release|Any CPU
		{AA1CE2DF-1A39-9986-3A22-73D4DBB5E67B}.Debug|Any CPU.ActiveCfg = Debug|Any CPU
		{AA1CE2DF-1A39-9986-3A22-73D4DBB5E67B}.Debug|Any CPU.Build.0 = Debug|Any CPU
		{AA1CE2DF-1A39-9986-3A22-73D4DBB5E67B}.Release|Any CPU.ActiveCfg = Release|Any CPU
		{AA1CE2DF-1A39-9986-3A22-73D4DBB5E67B}.Release|Any CPU.Build.0 = Release|Any CPU
		{D0407470-171F-572F-0543-F41EF5C363FC}.Debug|Any CPU.ActiveCfg = Debug|Any CPU
		{D0407470-171F-572F-0543-F41EF5C363FC}.Debug|Any CPU.Build.0 = Debug|Any CPU
		{D0407470-171F-572F-0543-F41EF5C363FC}.Release|Any CPU.ActiveCfg = Release|Any CPU
		{D0407470-171F-572F-0543-F41EF5C363FC}.Release|Any CPU.Build.0 = Release|Any CPU
	EndGlobalSection
	GlobalSection(SolutionProperties) = preSolution
		HideSolutionNode = FALSE
	EndGlobalSection
																GlobalSection(MonoDevelopProperties) = preSolution
	GlobalSection(MonoDevelopProperties) = preSolution
		StartupItem = Assembly-CSharp.csproj
		Policies = $0
		$0.TextStylePolicy = $1
		$1.inheritsSet = null
		$1.scope = text/x-csharp
		$0.CSharpFormattingPolicy = $2
		$2.inheritsSet = Mono
		$2.inheritsScope = text/x-csharp
		$2.scope = text/x-csharp
		$0.TextStylePolicy = $3
		$3.FileWidth = 120
		$3.TabWidth = 4
		$3.EolMarker = Unix
		$3.inheritsSet = Mono
		$3.inheritsScope = text/plain
		$3.scope = text/plain
	EndGlobalSection

EndGlobal
